// !$*UTF8*$!
{
	archiveVersion = 1;
	classes = {
	};
	objectVersion = 51;
	objects = {

/* Begin PBXBuildFile section */
		0502CCD9DBB2D317C391771E /* Pods_nftworth.framework in Frameworks */ = {isa = PBXBuildFile; fileRef = 424E4F021974415C10FC6CA1 /* Pods_nftworth.framework */; };
		0909537027F9D4FB00AAB816 /* AppDelegate.swift in Sources */ = {isa = PBXBuildFile; fileRef = 0909536F27F9D4FB00AAB816 /* AppDelegate.swift */; };
		0909537227F9D4FB00AAB816 /* SceneDelegate.swift in Sources */ = {isa = PBXBuildFile; fileRef = 0909537127F9D4FB00AAB816 /* SceneDelegate.swift */; };
		0909537427F9D4FB00AAB816 /* ContentView.swift in Sources */ = {isa = PBXBuildFile; fileRef = 0909537327F9D4FB00AAB816 /* ContentView.swift */; };
		0909537627F9D4FC00AAB816 /* Assets.xcassets in Resources */ = {isa = PBXBuildFile; fileRef = 0909537527F9D4FC00AAB816 /* Assets.xcassets */; };
		0909537927F9D4FC00AAB816 /* Preview Assets.xcassets in Resources */ = {isa = PBXBuildFile; fileRef = 0909537827F9D4FC00AAB816 /* Preview Assets.xcassets */; };
		0909537C27F9D4FC00AAB816 /* LaunchScreen.storyboard in Resources */ = {isa = PBXBuildFile; fileRef = 0909537A27F9D4FC00AAB816 /* LaunchScreen.storyboard */; };
		2F0A5F6027FD268B003A2F20 /* PortfolioView.swift in Sources */ = {isa = PBXBuildFile; fileRef = 2F0A5F5F27FD268B003A2F20 /* PortfolioView.swift */; };
		2F0A5F6227FD2E3B003A2F20 /* SearchCollectionView.swift in Sources */ = {isa = PBXBuildFile; fileRef = 2F0A5F6127FD2E3B003A2F20 /* SearchCollectionView.swift */; };
		2F0A5FA127FD5543003A2F20 /* CoinTrackerView.swift in Sources */ = {isa = PBXBuildFile; fileRef = 2F0A5FA027FD5543003A2F20 /* CoinTrackerView.swift */; };
		2FB2F5BE280BA89E00184214 /* BoredApeYachtClubView.swift in Sources */ = {isa = PBXBuildFile; fileRef = 2FB2F5BD280BA89E00184214 /* BoredApeYachtClubView.swift */; };
/* End PBXBuildFile section */

/* Begin PBXFileReference section */
		0909536C27F9D4FB00AAB816 /* nftworth.app */ = {isa = PBXFileReference; explicitFileType = wrapper.application; includeInIndex = 0; path = nftworth.app; sourceTree = BUILT_PRODUCTS_DIR; };
		0909536F27F9D4FB00AAB816 /* AppDelegate.swift */ = {isa = PBXFileReference; lastKnownFileType = sourcecode.swift; path = AppDelegate.swift; sourceTree = "<group>"; };
		0909537127F9D4FB00AAB816 /* SceneDelegate.swift */ = {isa = PBXFileReference; lastKnownFileType = sourcecode.swift; path = SceneDelegate.swift; sourceTree = "<group>"; };
		0909537327F9D4FB00AAB816 /* ContentView.swift */ = {isa = PBXFileReference; lastKnownFileType = sourcecode.swift; path = ContentView.swift; sourceTree = "<group>"; };
		0909537527F9D4FC00AAB816 /* Assets.xcassets */ = {isa = PBXFileReference; lastKnownFileType = folder.assetcatalog; path = Assets.xcassets; sourceTree = "<group>"; };
		0909537827F9D4FC00AAB816 /* Preview Assets.xcassets */ = {isa = PBXFileReference; lastKnownFileType = folder.assetcatalog; path = "Preview Assets.xcassets"; sourceTree = "<group>"; };
		0909537B27F9D4FC00AAB816 /* Base */ = {isa = PBXFileReference; lastKnownFileType = file.storyboard; name = Base; path = Base.lproj/LaunchScreen.storyboard; sourceTree = "<group>"; };
		0909537D27F9D4FC00AAB816 /* Info.plist */ = {isa = PBXFileReference; lastKnownFileType = text.plist.xml; path = Info.plist; sourceTree = "<group>"; };
		10727F65D3176614925D38A8 /* Pods-nftworth.release.xcconfig */ = {isa = PBXFileReference; includeInIndex = 1; lastKnownFileType = text.xcconfig; name = "Pods-nftworth.release.xcconfig"; path = "Target Support Files/Pods-nftworth/Pods-nftworth.release.xcconfig"; sourceTree = "<group>"; };
		2F0A5F5F27FD268B003A2F20 /* PortfolioView.swift */ = {isa = PBXFileReference; lastKnownFileType = sourcecode.swift; path = PortfolioView.swift; sourceTree = "<group>"; };
		2F0A5F6127FD2E3B003A2F20 /* SearchCollectionView.swift */ = {isa = PBXFileReference; indentWidth = 8; lastKnownFileType = sourcecode.swift; path = SearchCollectionView.swift; sourceTree = "<group>"; tabWidth = 9; };
		2F0A5FA027FD5543003A2F20 /* CoinTrackerView.swift */ = {isa = PBXFileReference; lastKnownFileType = sourcecode.swift; path = CoinTrackerView.swift; sourceTree = "<group>"; };
		2FB2F5BD280BA89E00184214 /* BoredApeYachtClubView.swift */ = {isa = PBXFileReference; lastKnownFileType = sourcecode.swift; path = BoredApeYachtClubView.swift; sourceTree = "<group>"; };
		424E4F021974415C10FC6CA1 /* Pods_nftworth.framework */ = {isa = PBXFileReference; explicitFileType = wrapper.framework; includeInIndex = 0; path = Pods_nftworth.framework; sourceTree = BUILT_PRODUCTS_DIR; };
		642E89645E1AF2B0011129F5 /* Pods-nftworth.debug.xcconfig */ = {isa = PBXFileReference; includeInIndex = 1; lastKnownFileType = text.xcconfig; name = "Pods-nftworth.debug.xcconfig"; path = "Target Support Files/Pods-nftworth/Pods-nftworth.debug.xcconfig"; sourceTree = "<group>"; };
/* End PBXFileReference section */

/* Begin PBXFrameworksBuildPhase section */
		0909536927F9D4FB00AAB816 /* Frameworks */ = {
			isa = PBXFrameworksBuildPhase;
			buildActionMask = 2147483647;
			files = (
				0502CCD9DBB2D317C391771E /* Pods_nftworth.framework in Frameworks */,
			);
			runOnlyForDeploymentPostprocessing = 0;
		};
/* End PBXFrameworksBuildPhase section */

/* Begin PBXGroup section */
		0909536327F9D4FB00AAB816 = {
			isa = PBXGroup;
			children = (
				0909536E27F9D4FB00AAB816 /* nftworth */,
				53D4470A3597BA88F291E536 /* Pods */,
				E301EA4F05FA4A2C1B3C71AB /* Frameworks */,
			);
			sourceTree = "<group>";
		};
		0909536D27F9D4FB00AAB816 /* Products */ = {
			isa = PBXGroup;
			children = (
				0909536C27F9D4FB00AAB816 /* nftworth.app */,
			);
			name = Products;
			path = ..;
			sourceTree = "<group>";
		};
		0909536E27F9D4FB00AAB816 /* nftworth */ = {
			isa = PBXGroup;
			children = (
				2FB2F5BC280BA86C00184214 /* Featured Collections View */,
				0909536F27F9D4FB00AAB816 /* AppDelegate.swift */,
				0909537127F9D4FB00AAB816 /* SceneDelegate.swift */,
				0909537327F9D4FB00AAB816 /* ContentView.swift */,
				2F0A5F5F27FD268B003A2F20 /* PortfolioView.swift */,
				2F0A5F6127FD2E3B003A2F20 /* SearchCollectionView.swift */,
				2F0A5FA027FD5543003A2F20 /* CoinTrackerView.swift */,
				0909537527F9D4FC00AAB816 /* Assets.xcassets */,
				0909537A27F9D4FC00AAB816 /* LaunchScreen.storyboard */,
				0909537D27F9D4FC00AAB816 /* Info.plist */,
				0909537727F9D4FC00AAB816 /* Preview Content */,
				0909536D27F9D4FB00AAB816 /* Products */,
			);
			path = nftworth;
			sourceTree = "<group>";
		};
		0909537727F9D4FC00AAB816 /* Preview Content */ = {
			isa = PBXGroup;
			children = (
				0909537827F9D4FC00AAB816 /* Preview Assets.xcassets */,
			);
			path = "Preview Content";
			sourceTree = "<group>";
		};
		2FB2F5BC280BA86C00184214 /* Featured Collections View */ = {
			isa = PBXGroup;
			children = (
				2FB2F5BD280BA89E00184214 /* BoredApeYachtClubView.swift */,
			);
			path = "Featured Collections View";
			sourceTree = "<group>";
		};
		53D4470A3597BA88F291E536 /* Pods */ = {
			isa = PBXGroup;
			children = (
				642E89645E1AF2B0011129F5 /* Pods-nftworth.debug.xcconfig */,
				10727F65D3176614925D38A8 /* Pods-nftworth.release.xcconfig */,
			);
			path = Pods;
			sourceTree = "<group>";
		};
		E301EA4F05FA4A2C1B3C71AB /* Frameworks */ = {
			isa = PBXGroup;
			children = (
				424E4F021974415C10FC6CA1 /* Pods_nftworth.framework */,
			);
			name = Frameworks;
			sourceTree = "<group>";
		};
/* End PBXGroup section */

/* Begin PBXNativeTarget section */
		0909536B27F9D4FB00AAB816 /* nftworth */ = {
			isa = PBXNativeTarget;
			buildConfigurationList = 0909538027F9D4FC00AAB816 /* Build configuration list for PBXNativeTarget "nftworth" */;
			buildPhases = (
				DB6444072F2D38252875842E /* [CP] Check Pods Manifest.lock */,
				0909536827F9D4FB00AAB816 /* Sources */,
				0909536927F9D4FB00AAB816 /* Frameworks */,
				0909536A27F9D4FB00AAB816 /* Resources */,
				A9A86C7DE72CFAA43ADDE987 /* [CP] Embed Pods Frameworks */,
			);
			buildRules = (
			);
			dependencies = (
			);
			name = nftworth;
			productName = nftworth;
			productReference = 0909536C27F9D4FB00AAB816 /* nftworth.app */;
			productType = "com.apple.product-type.application";
		};
/* End PBXNativeTarget section */

/* Begin PBXProject section */
		0909536427F9D4FB00AAB816 /* Project object */ = {
			isa = PBXProject;
			attributes = {
				LastSwiftUpdateCheck = 1240;
				LastUpgradeCheck = 1240;
				TargetAttributes = {
					0909536B27F9D4FB00AAB816 = {
						CreatedOnToolsVersion = 12.4;
					};
				};
			};
			buildConfigurationList = 0909536727F9D4FB00AAB816 /* Build configuration list for PBXProject "nftworth" */;
			compatibilityVersion = "Xcode 9.3";
			developmentRegion = en;
			hasScannedForEncodings = 0;
			knownRegions = (
				en,
				Base,
			);
			mainGroup = 0909536327F9D4FB00AAB816;
			productRefGroup = 0909536D27F9D4FB00AAB816 /* Products */;
			projectDirPath = "";
			projectRoot = "";
			targets = (
				0909536B27F9D4FB00AAB816 /* nftworth */,
			);
		};
/* End PBXProject section */

/* Begin PBXResourcesBuildPhase section */
		0909536A27F9D4FB00AAB816 /* Resources */ = {
			isa = PBXResourcesBuildPhase;
			buildActionMask = 2147483647;
			files = (
				0909537C27F9D4FC00AAB816 /* LaunchScreen.storyboard in Resources */,
				0909537927F9D4FC00AAB816 /* Preview Assets.xcassets in Resources */,
				0909537627F9D4FC00AAB816 /* Assets.xcassets in Resources */,
			);
			runOnlyForDeploymentPostprocessing = 0;
		};
/* End PBXResourcesBuildPhase section */

/* Begin PBXShellScriptBuildPhase section */
		A9A86C7DE72CFAA43ADDE987 /* [CP] Embed Pods Frameworks */ = {
			isa = PBXShellScriptBuildPhase;
			buildActionMask = 2147483647;
			files = (
			);
			inputFileListPaths = (
				"${PODS_ROOT}/Target Support Files/Pods-nftworth/Pods-nftworth-frameworks-${CONFIGURATION}-input-files.xcfilelist",
			);
			name = "[CP] Embed Pods Frameworks";
			outputFileListPaths = (
				"${PODS_ROOT}/Target Support Files/Pods-nftworth/Pods-nftworth-frameworks-${CONFIGURATION}-output-files.xcfilelist",
			);
			runOnlyForDeploymentPostprocessing = 0;
			shellPath = /bin/sh;
			shellScript = "\"${PODS_ROOT}/Target Support Files/Pods-nftworth/Pods-nftworth-frameworks.sh\"\n";
			showEnvVarsInLog = 0;
		};
		DB6444072F2D38252875842E /* [CP] Check Pods Manifest.lock */ = {
			isa = PBXShellScriptBuildPhase;
			buildActionMask = 2147483647;
			files = (
			);
			inputFileListPaths = (
			);
			inputPaths = (
				"${PODS_PODFILE_DIR_PATH}/Podfile.lock",
				"${PODS_ROOT}/Manifest.lock",
			);
			name = "[CP] Check Pods Manifest.lock";
			outputFileListPaths = (
			);
			outputPaths = (
				"$(DERIVED_FILE_DIR)/Pods-nftworth-checkManifestLockResult.txt",
			);
			runOnlyForDeploymentPostprocessing = 0;
			shellPath = /bin/sh;
			shellScript = "diff \"${PODS_PODFILE_DIR_PATH}/Podfile.lock\" \"${PODS_ROOT}/Manifest.lock\" > /dev/null\nif [ $? != 0 ] ; then\n    # print error to STDERR\n    echo \"error: The sandbox is not in sync with the Podfile.lock. Run 'pod install' or update your CocoaPods installation.\" >&2\n    exit 1\nfi\n# This output is used by Xcode 'outputs' to avoid re-running this script phase.\necho \"SUCCESS\" > \"${SCRIPT_OUTPUT_FILE_0}\"\n";
			showEnvVarsInLog = 0;
		};
/* End PBXShellScriptBuildPhase section */

/* Begin PBXSourcesBuildPhase section */
		0909536827F9D4FB00AAB816 /* Sources */ = {
			isa = PBXSourcesBuildPhase;
			buildActionMask = 2147483647;
			files = (
				2F0A5FA127FD5543003A2F20 /* CoinTrackerView.swift in Sources */,
				0909537027F9D4FB00AAB816 /* AppDelegate.swift in Sources */,
				0909537227F9D4FB00AAB816 /* SceneDelegate.swift in Sources */,
				2FB2F5BE280BA89E00184214 /* BoredApeYachtClubView.swift in Sources */,
				2F0A5F6227FD2E3B003A2F20 /* SearchCollectionView.swift in Sources */,
				0909537427F9D4FB00AAB816 /* ContentView.swift in Sources */,
				2F0A5F6027FD268B003A2F20 /* PortfolioView.swift in Sources */,
			);
			runOnlyForDeploymentPostprocessing = 0;
		};
/* End PBXSourcesBuildPhase section */

/* Begin PBXVariantGroup section */
		0909537A27F9D4FC00AAB816 /* LaunchScreen.storyboard */ = {
			isa = PBXVariantGroup;
			children = (
				0909537B27F9D4FC00AAB816 /* Base */,
			);
			name = LaunchScreen.storyboard;
			sourceTree = "<group>";
		};
/* End PBXVariantGroup section */

/* Begin XCBuildConfiguration section */
		0909537E27F9D4FC00AAB816 /* Debug */ = {
			isa = XCBuildConfiguration;
			buildSettings = {
				ALWAYS_SEARCH_USER_PATHS = NO;
				CLANG_ANALYZER_NONNULL = YES;
				CLANG_ANALYZER_NUMBER_OBJECT_CONVERSION = YES_AGGRESSIVE;
				CLANG_CXX_LANGUAGE_STANDARD = "gnu++14";
				CLANG_CXX_LIBRARY = "libc++";
				CLANG_ENABLE_MODULES = YES;
				CLANG_ENABLE_OBJC_ARC = YES;
				CLANG_ENABLE_OBJC_WEAK = YES;
				CLANG_WARN_BLOCK_CAPTURE_AUTORELEASING = YES;
				CLANG_WARN_BOOL_CONVERSION = YES;
				CLANG_WARN_COMMA = YES;
				CLANG_WARN_CONSTANT_CONVERSION = YES;
				CLANG_WARN_DEPRECATED_OBJC_IMPLEMENTATIONS = YES;
				CLANG_WARN_DIRECT_OBJC_ISA_USAGE = YES_ERROR;
				CLANG_WARN_DOCUMENTATION_COMMENTS = YES;
				CLANG_WARN_EMPTY_BODY = YES;
				CLANG_WARN_ENUM_CONVERSION = YES;
				CLANG_WARN_INFINITE_RECURSION = YES;
				CLANG_WARN_INT_CONVERSION = YES;
				CLANG_WARN_NON_LITERAL_NULL_CONVERSION = YES;
				CLANG_WARN_OBJC_IMPLICIT_RETAIN_SELF = YES;
				CLANG_WARN_OBJC_LITERAL_CONVERSION = YES;
				CLANG_WARN_OBJC_ROOT_CLASS = YES_ERROR;
				CLANG_WARN_QUOTED_INCLUDE_IN_FRAMEWORK_HEADER = YES;
				CLANG_WARN_RANGE_LOOP_ANALYSIS = YES;
				CLANG_WARN_STRICT_PROTOTYPES = YES;
				CLANG_WARN_SUSPICIOUS_MOVE = YES;
				CLANG_WARN_UNGUARDED_AVAILABILITY = YES_AGGRESSIVE;
				CLANG_WARN_UNREACHABLE_CODE = YES;
				CLANG_WARN__DUPLICATE_METHOD_MATCH = YES;
				COPY_PHASE_STRIP = NO;
				DEBUG_INFORMATION_FORMAT = dwarf;
				ENABLE_STRICT_OBJC_MSGSEND = YES;
				ENABLE_TESTABILITY = YES;
				GCC_C_LANGUAGE_STANDARD = gnu11;
				GCC_DYNAMIC_NO_PIC = NO;
				GCC_NO_COMMON_BLOCKS = YES;
				GCC_OPTIMIZATION_LEVEL = 0;
				GCC_PREPROCESSOR_DEFINITIONS = (
					"DEBUG=1",
					"$(inherited)",
				);
				GCC_WARN_64_TO_32_BIT_CONVERSION = YES;
				GCC_WARN_ABOUT_RETURN_TYPE = YES_ERROR;
				GCC_WARN_UNDECLARED_SELECTOR = YES;
				GCC_WARN_UNINITIALIZED_AUTOS = YES_AGGRESSIVE;
				GCC_WARN_UNUSED_FUNCTION = YES;
				GCC_WARN_UNUSED_VARIABLE = YES;
				IPHONEOS_DEPLOYMENT_TARGET = 14.4;
				MTL_ENABLE_DEBUG_INFO = INCLUDE_SOURCE;
				MTL_FAST_MATH = YES;
				ONLY_ACTIVE_ARCH = YES;
				SDKROOT = iphoneos;
				SWIFT_ACTIVE_COMPILATION_CONDITIONS = DEBUG;
				SWIFT_OPTIMIZATION_LEVEL = "-Onone";
			};
			name = Debug;
		};
		0909537F27F9D4FC00AAB816 /* Release */ = {
			isa = XCBuildConfiguration;
			buildSettings = {
				ALWAYS_SEARCH_USER_PATHS = NO;
				CLANG_ANALYZER_NONNULL = YES;
				CLANG_ANALYZER_NUMBER_OBJECT_CONVERSION = YES_AGGRESSIVE;
				CLANG_CXX_LANGUAGE_STANDARD = "gnu++14";
				CLANG_CXX_LIBRARY = "libc++";
				CLANG_ENABLE_MODULES = YES;
				CLANG_ENABLE_OBJC_ARC = YES;
				CLANG_ENABLE_OBJC_WEAK = YES;
				CLANG_WARN_BLOCK_CAPTURE_AUTORELEASING = YES;
				CLANG_WARN_BOOL_CONVERSION = YES;
				CLANG_WARN_COMMA = YES;
				CLANG_WARN_CONSTANT_CONVERSION = YES;
				CLANG_WARN_DEPRECATED_OBJC_IMPLEMENTATIONS = YES;
				CLANG_WARN_DIRECT_OBJC_ISA_USAGE = YES_ERROR;
				CLANG_WARN_DOCUMENTATION_COMMENTS = YES;
				CLANG_WARN_EMPTY_BODY = YES;
				CLANG_WARN_ENUM_CONVERSION = YES;
				CLANG_WARN_INFINITE_RECURSION = YES;
				CLANG_WARN_INT_CONVERSION = YES;
				CLANG_WARN_NON_LITERAL_NULL_CONVERSION = YES;
				CLANG_WARN_OBJC_IMPLICIT_RETAIN_SELF = YES;
				CLANG_WARN_OBJC_LITERAL_CONVERSION = YES;
				CLANG_WARN_OBJC_ROOT_CLASS = YES_ERROR;
				CLANG_WARN_QUOTED_INCLUDE_IN_FRAMEWORK_HEADER = YES;
				CLANG_WARN_RANGE_LOOP_ANALYSIS = YES;
				CLANG_WARN_STRICT_PROTOTYPES = YES;
				CLANG_WARN_SUSPICIOUS_MOVE = YES;
				CLANG_WARN_UNGUARDED_AVAILABILITY = YES_AGGRESSIVE;
				CLANG_WARN_UNREACHABLE_CODE = YES;
				CLANG_WARN__DUPLICATE_METHOD_MATCH = YES;
				COPY_PHASE_STRIP = NO;
				DEBUG_INFORMATION_FORMAT = "dwarf-with-dsym";
				ENABLE_NS_ASSERTIONS = NO;
				ENABLE_STRICT_OBJC_MSGSEND = YES;
				GCC_C_LANGUAGE_STANDARD = gnu11;
				GCC_NO_COMMON_BLOCKS = YES;
				GCC_WARN_64_TO_32_BIT_CONVERSION = YES;
				GCC_WARN_ABOUT_RETURN_TYPE = YES_ERROR;
				GCC_WARN_UNDECLARED_SELECTOR = YES;
				GCC_WARN_UNINITIALIZED_AUTOS = YES_AGGRESSIVE;
				GCC_WARN_UNUSED_FUNCTION = YES;
				GCC_WARN_UNUSED_VARIABLE = YES;
				IPHONEOS_DEPLOYMENT_TARGET = 14.4;
				MTL_ENABLE_DEBUG_INFO = NO;
				MTL_FAST_MATH = YES;
				SDKROOT = iphoneos;
				SWIFT_COMPILATION_MODE = wholemodule;
				SWIFT_OPTIMIZATION_LEVEL = "-O";
				VALIDATE_PRODUCT = YES;
			};
			name = Release;
		};
		0909538127F9D4FC00AAB816 /* Debug */ = {
			isa = XCBuildConfiguration;
			baseConfigurationReference = 642E89645E1AF2B0011129F5 /* Pods-nftworth.debug.xcconfig */;
			buildSettings = {
				ASSETCATALOG_COMPILER_APPICON_NAME = AppIcon;
				ASSETCATALOG_COMPILER_GLOBAL_ACCENT_COLOR_NAME = AccentColor;
				CODE_SIGN_STYLE = Automatic;
				DEVELOPMENT_ASSET_PATHS = "\"nftworth/Preview Content\"";
				DEVELOPMENT_TEAM = L4A6DK3DV6;
				ENABLE_PREVIEWS = YES;
				INFOPLIST_FILE = nftworth/Info.plist;
				LD_RUNPATH_SEARCH_PATHS = (
					"$(inherited)",
					"@executable_path/Frameworks",
				);
				PRODUCT_BUNDLE_IDENTIFIER = nftworth.nftworth;
				PRODUCT_NAME = "$(TARGET_NAME)";
				SWIFT_VERSION = 5.0;
				TARGETED_DEVICE_FAMILY = "1,2";
			};
			name = Debug;
		};
		0909538227F9D4FC00AAB816 /* Release */ = {
			isa = XCBuildConfiguration;
			baseConfigurationReference = 10727F65D3176614925D38A8 /* Pods-nftworth.release.xcconfig */;
			buildSettings = {
				ASSETCATALOG_COMPILER_APPICON_NAME = AppIcon;
				ASSETCATALOG_COMPILER_GLOBAL_ACCENT_COLOR_NAME = AccentColor;
				CODE_SIGN_STYLE = Automatic;
				DEVELOPMENT_ASSET_PATHS = "\"nftworth/Preview Content\"";
				DEVELOPMENT_TEAM = L4A6DK3DV6;
				ENABLE_PREVIEWS = YES;
				INFOPLIST_FILE = nftworth/Info.plist;
				LD_RUNPATH_SEARCH_PATHS = (
					"$(inherited)",
					"@executable_path/Frameworks",
				);
				PRODUCT_BUNDLE_IDENTIFIER = nftworth.nftworth;
				PRODUCT_NAME = "$(TARGET_NAME)";
				SWIFT_VERSION = 5.0;
				TARGETED_DEVICE_FAMILY = "1,2";
			};
			name = Release;
		};
/* End XCBuildConfiguration section */

/* Begin XCConfigurationList section */
		0909536727F9D4FB00AAB816 /* Build configuration list for PBXProject "nftworth" */ = {
			isa = XCConfigurationList;
			buildConfigurations = (
				0909537E27F9D4FC00AAB816 /* Debug */,
				0909537F27F9D4FC00AAB816 /* Release */,
			);
			defaultConfigurationIsVisible = 0;
			defaultConfigurationName = Release;
		};
		0909538027F9D4FC00AAB816 /* Build configuration list for PBXNativeTarget "nftworth" */ = {
			isa = XCConfigurationList;
			buildConfigurations = (
				0909538127F9D4FC00AAB816 /* Debug */,
				0909538227F9D4FC00AAB816 /* Release */,
			);
			defaultConfigurationIsVisible = 0;
			defaultConfigurationName = Release;
		};
/* End XCConfigurationList section */
	};
	rootObject = 0909536427F9D4FB00AAB816 /* Project object */;
}
